// !$*UTF8*$!
{
	archiveVersion = 1;
	classes = {
	};
	objectVersion = 56;
	objects = {

/* Begin PBXBuildFile section */
		2BB5469829FABB0700F07604 /* AppDelegate.swift in Sources */ = {isa = PBXBuildFile; fileRef = 2BB5469729FABB0700F07604 /* AppDelegate.swift */; };
		2BB5469A29FABB0700F07604 /* SceneDelegate.swift in Sources */ = {isa = PBXBuildFile; fileRef = 2BB5469929FABB0700F07604 /* SceneDelegate.swift */; };
		2BB5469F29FABB0700F07604 /* Main.storyboard in Resources */ = {isa = PBXBuildFile; fileRef = 2BB5469D29FABB0700F07604 /* Main.storyboard */; };
		2BB546A129FABB0800F07604 /* Assets.xcassets in Resources */ = {isa = PBXBuildFile; fileRef = 2BB546A029FABB0800F07604 /* Assets.xcassets */; };
		2BB546A429FABB0800F07604 /* LaunchScreen.storyboard in Resources */ = {isa = PBXBuildFile; fileRef = 2BB546A229FABB0800F07604 /* LaunchScreen.storyboard */; };
		2BB546AF29FABB0800F07604 /* LootLoggerTests.swift in Sources */ = {isa = PBXBuildFile; fileRef = 2BB546AE29FABB0800F07604 /* LootLoggerTests.swift */; };
		2BB546B929FABB0800F07604 /* LootLoggerUITests.swift in Sources */ = {isa = PBXBuildFile; fileRef = 2BB546B829FABB0800F07604 /* LootLoggerUITests.swift */; };
		2BB546BB29FABB0800F07604 /* LootLoggerUITestsLaunchTests.swift in Sources */ = {isa = PBXBuildFile; fileRef = 2BB546BA29FABB0800F07604 /* LootLoggerUITestsLaunchTests.swift */; };
		2BB546C829FABCDB00F07604 /* ItemsViewController.swift in Sources */ = {isa = PBXBuildFile; fileRef = 2BB546C729FABCDB00F07604 /* ItemsViewController.swift */; };
		2BB546CA29FABE3F00F07604 /* Item.swift in Sources */ = {isa = PBXBuildFile; fileRef = 2BB546C929FABE3F00F07604 /* Item.swift */; };
		2BB546CC29FAC31B00F07604 /* ItemStore.swift in Sources */ = {isa = PBXBuildFile; fileRef = 2BB546CB29FAC31B00F07604 /* ItemStore.swift */; };
/* End PBXBuildFile section */

/* Begin PBXContainerItemProxy section */
		2BB546AB29FABB0800F07604 /* PBXContainerItemProxy */ = {
			isa = PBXContainerItemProxy;
			containerPortal = 2BB5468C29FABB0600F07604 /* Project object */;
			proxyType = 1;
			remoteGlobalIDString = 2BB5469329FABB0700F07604;
			remoteInfo = LootLogger;
		};
		2BB546B529FABB0800F07604 /* PBXContainerItemProxy */ = {
			isa = PBXContainerItemProxy;
			containerPortal = 2BB5468C29FABB0600F07604 /* Project object */;
			proxyType = 1;
			remoteGlobalIDString = 2BB5469329FABB0700F07604;
			remoteInfo = LootLogger;
		};
/* End PBXContainerItemProxy section */

/* Begin PBXFileReference section */
		2BB5469429FABB0700F07604 /* LootLogger.app */ = {isa = PBXFileReference; explicitFileType = wrapper.application; includeInIndex = 0; path = LootLogger.app; sourceTree = BUILT_PRODUCTS_DIR; };
		2BB5469729FABB0700F07604 /* AppDelegate.swift */ = {isa = PBXFileReference; lastKnownFileType = sourcecode.swift; path = AppDelegate.swift; sourceTree = "<group>"; };
		2BB5469929FABB0700F07604 /* SceneDelegate.swift */ = {isa = PBXFileReference; lastKnownFileType = sourcecode.swift; path = SceneDelegate.swift; sourceTree = "<group>"; };
		2BB5469E29FABB0700F07604 /* Base */ = {isa = PBXFileReference; lastKnownFileType = file.storyboard; name = Base; path = Base.lproj/Main.storyboard; sourceTree = "<group>"; };
		2BB546A029FABB0800F07604 /* Assets.xcassets */ = {isa = PBXFileReference; lastKnownFileType = folder.assetcatalog; path = Assets.xcassets; sourceTree = "<group>"; };
		2BB546A329FABB0800F07604 /* Base */ = {isa = PBXFileReference; lastKnownFileType = file.storyboard; name = Base; path = Base.lproj/LaunchScreen.storyboard; sourceTree = "<group>"; };
		2BB546A529FABB0800F07604 /* Info.plist */ = {isa = PBXFileReference; lastKnownFileType = text.plist.xml; path = Info.plist; sourceTree = "<group>"; };
		2BB546AA29FABB0800F07604 /* LootLoggerTests.xctest */ = {isa = PBXFileReference; explicitFileType = wrapper.cfbundle; includeInIndex = 0; path = LootLoggerTests.xctest; sourceTree = BUILT_PRODUCTS_DIR; };
		2BB546AE29FABB0800F07604 /* LootLoggerTests.swift */ = {isa = PBXFileReference; lastKnownFileType = sourcecode.swift; path = LootLoggerTests.swift; sourceTree = "<group>"; };
		2BB546B429FABB0800F07604 /* LootLoggerUITests.xctest */ = {isa = PBXFileReference; explicitFileType = wrapper.cfbundle; includeInIndex = 0; path = LootLoggerUITests.xctest; sourceTree = BUILT_PRODUCTS_DIR; };
		2BB546B829FABB0800F07604 /* LootLoggerUITests.swift */ = {isa = PBXFileReference; lastKnownFileType = sourcecode.swift; path = LootLoggerUITests.swift; sourceTree = "<group>"; };
		2BB546BA29FABB0800F07604 /* LootLoggerUITestsLaunchTests.swift */ = {isa = PBXFileReference; lastKnownFileType = sourcecode.swift; path = LootLoggerUITestsLaunchTests.swift; sourceTree = "<group>"; };
		2BB546C729FABCDB00F07604 /* ItemsViewController.swift */ = {isa = PBXFileReference; lastKnownFileType = sourcecode.swift; path = ItemsViewController.swift; sourceTree = "<group>"; };
		2BB546C929FABE3F00F07604 /* Item.swift */ = {isa = PBXFileReference; lastKnownFileType = sourcecode.swift; path = Item.swift; sourceTree = "<group>"; };
		2BB546CB29FAC31B00F07604 /* ItemStore.swift */ = {isa = PBXFileReference; lastKnownFileType = sourcecode.swift; path = ItemStore.swift; sourceTree = "<group>"; };
/* End PBXFileReference section */

/* Begin PBXFrameworksBuildPhase section */
		2BB5469129FABB0700F07604 /* Frameworks */ = {
			isa = PBXFrameworksBuildPhase;
			buildActionMask = 2147483647;
			files = (
			);
			runOnlyForDeploymentPostprocessing = 0;
		};
		2BB546A729FABB0800F07604 /* Frameworks */ = {
			isa = PBXFrameworksBuildPhase;
			buildActionMask = 2147483647;
			files = (
			);
			runOnlyForDeploymentPostprocessing = 0;
		};
		2BB546B129FABB0800F07604 /* Frameworks */ = {
			isa = PBXFrameworksBuildPhase;
			buildActionMask = 2147483647;
			files = (
			);
			runOnlyForDeploymentPostprocessing = 0;
		};
/* End PBXFrameworksBuildPhase section */

/* Begin PBXGroup section */
		2BB5468B29FABB0600F07604 = {
			isa = PBXGroup;
			children = (
				2BB546CB29FAC31B00F07604 /* ItemStore.swift */,
				2BB546C929FABE3F00F07604 /* Item.swift */,
				2BB546C729FABCDB00F07604 /* ItemsViewController.swift */,
				2BB5469629FABB0700F07604 /* LootLogger */,
				2BB546AD29FABB0800F07604 /* LootLoggerTests */,
				2BB546B729FABB0800F07604 /* LootLoggerUITests */,
				2BB5469529FABB0700F07604 /* Products */,
			);
			sourceTree = "<group>";
		};
		2BB5469529FABB0700F07604 /* Products */ = {
			isa = PBXGroup;
			children = (
				2BB5469429FABB0700F07604 /* LootLogger.app */,
				2BB546AA29FABB0800F07604 /* LootLoggerTests.xctest */,
				2BB546B429FABB0800F07604 /* LootLoggerUITests.xctest */,
			);
			name = Products;
			sourceTree = "<group>";
		};
		2BB5469629FABB0700F07604 /* LootLogger */ = {
			isa = PBXGroup;
			children = (
				2BB5469729FABB0700F07604 /* AppDelegate.swift */,
				2BB5469929FABB0700F07604 /* SceneDelegate.swift */,
				2BB5469D29FABB0700F07604 /* Main.storyboard */,
				2BB546A029FABB0800F07604 /* Assets.xcassets */,
				2BB546A229FABB0800F07604 /* LaunchScreen.storyboard */,
				2BB546A529FABB0800F07604 /* Info.plist */,
			);
			path = LootLogger;
			sourceTree = "<group>";
		};
		2BB546AD29FABB0800F07604 /* LootLoggerTests */ = {
			isa = PBXGroup;
			children = (
				2BB546AE29FABB0800F07604 /* LootLoggerTests.swift */,
			);
			path = LootLoggerTests;
			sourceTree = "<group>";
		};
		2BB546B729FABB0800F07604 /* LootLoggerUITests */ = {
			isa = PBXGroup;
			children = (
				2BB546B829FABB0800F07604 /* LootLoggerUITests.swift */,
				2BB546BA29FABB0800F07604 /* LootLoggerUITestsLaunchTests.swift */,
			);
			path = LootLoggerUITests;
			sourceTree = "<group>";
		};
/* End PBXGroup section */

/* Begin PBXNativeTarget section */
		2BB5469329FABB0700F07604 /* LootLogger */ = {
			isa = PBXNativeTarget;
			buildConfigurationList = 2BB546BE29FABB0800F07604 /* Build configuration list for PBXNativeTarget "LootLogger" */;
			buildPhases = (
				2BB5469029FABB0700F07604 /* Sources */,
				2BB5469129FABB0700F07604 /* Frameworks */,
				2BB5469229FABB0700F07604 /* Resources */,
			);
			buildRules = (
			);
			dependencies = (
			);
			name = LootLogger;
			productName = LootLogger;
			productReference = 2BB5469429FABB0700F07604 /* LootLogger.app */;
			productType = "com.apple.product-type.application";
		};
		2BB546A929FABB0800F07604 /* LootLoggerTests */ = {
			isa = PBXNativeTarget;
			buildConfigurationList = 2BB546C129FABB0800F07604 /* Build configuration list for PBXNativeTarget "LootLoggerTests" */;
			buildPhases = (
				2BB546A629FABB0800F07604 /* Sources */,
				2BB546A729FABB0800F07604 /* Frameworks */,
				2BB546A829FABB0800F07604 /* Resources */,
			);
			buildRules = (
			);
			dependencies = (
				2BB546AC29FABB0800F07604 /* PBXTargetDependency */,
			);
			name = LootLoggerTests;
			productName = LootLoggerTests;
			productReference = 2BB546AA29FABB0800F07604 /* LootLoggerTests.xctest */;
			productType = "com.apple.product-type.bundle.unit-test";
		};
		2BB546B329FABB0800F07604 /* LootLoggerUITests */ = {
			isa = PBXNativeTarget;
			buildConfigurationList = 2BB546C429FABB0800F07604 /* Build configuration list for PBXNativeTarget "LootLoggerUITests" */;
			buildPhases = (
				2BB546B029FABB0800F07604 /* Sources */,
				2BB546B129FABB0800F07604 /* Frameworks */,
				2BB546B229FABB0800F07604 /* Resources */,
			);
			buildRules = (
			);
			dependencies = (
				2BB546B629FABB0800F07604 /* PBXTargetDependency */,
			);
			name = LootLoggerUITests;
			productName = LootLoggerUITests;
			productReference = 2BB546B429FABB0800F07604 /* LootLoggerUITests.xctest */;
			productType = "com.apple.product-type.bundle.ui-testing";
		};
/* End PBXNativeTarget section */

/* Begin PBXProject section */
		2BB5468C29FABB0600F07604 /* Project object */ = {
			isa = PBXProject;
			attributes = {
				BuildIndependentTargetsInParallel = 1;
				LastSwiftUpdateCheck = 1430;
				LastUpgradeCheck = 1430;
				TargetAttributes = {
					2BB5469329FABB0700F07604 = {
						CreatedOnToolsVersion = 14.3;
					};
					2BB546A929FABB0800F07604 = {
						CreatedOnToolsVersion = 14.3;
						TestTargetID = 2BB5469329FABB0700F07604;
					};
					2BB546B329FABB0800F07604 = {
						CreatedOnToolsVersion = 14.3;
						TestTargetID = 2BB5469329FABB0700F07604;
					};
				};
			};
			buildConfigurationList = 2BB5468F29FABB0600F07604 /* Build configuration list for PBXProject "LootLogger" */;
			compatibilityVersion = "Xcode 14.0";
			developmentRegion = en;
			hasScannedForEncodings = 0;
			knownRegions = (
				en,
				Base,
			);
			mainGroup = 2BB5468B29FABB0600F07604;
			productRefGroup = 2BB5469529FABB0700F07604 /* Products */;
			projectDirPath = "";
			projectRoot = "";
			targets = (
				2BB5469329FABB0700F07604 /* LootLogger */,
				2BB546A929FABB0800F07604 /* LootLoggerTests */,
				2BB546B329FABB0800F07604 /* LootLoggerUITests */,
			);
		};
/* End PBXProject section */

/* Begin PBXResourcesBuildPhase section */
		2BB5469229FABB0700F07604 /* Resources */ = {
			isa = PBXResourcesBuildPhase;
			buildActionMask = 2147483647;
			files = (
				2BB546A429FABB0800F07604 /* LaunchScreen.storyboard in Resources */,
				2BB546A129FABB0800F07604 /* Assets.xcassets in Resources */,
				2BB5469F29FABB0700F07604 /* Main.storyboard in Resources */,
			);
			runOnlyForDeploymentPostprocessing = 0;
		};
		2BB546A829FABB0800F07604 /* Resources */ = {
			isa = PBXResourcesBuildPhase;
			buildActionMask = 2147483647;
			files = (
			);
			runOnlyForDeploymentPostprocessing = 0;
		};
		2BB546B229FABB0800F07604 /* Resources */ = {
			isa = PBXResourcesBuildPhase;
			buildActionMask = 2147483647;
			files = (
			);
			runOnlyForDeploymentPostprocessing = 0;
		};
/* End PBXResourcesBuildPhase section */

/* Begin PBXSourcesBuildPhase section */
		2BB5469029FABB0700F07604 /* Sources */ = {
			isa = PBXSourcesBuildPhase;
			buildActionMask = 2147483647;
			files = (
				2BB546CA29FABE3F00F07604 /* Item.swift in Sources */,
				2BB546C829FABCDB00F07604 /* ItemsViewController.swift in Sources */,
				2BB5469829FABB0700F07604 /* AppDelegate.swift in Sources */,
				2BB546CC29FAC31B00F07604 /* ItemStore.swift in Sources */,
				2BB5469A29FABB0700F07604 /* SceneDelegate.swift in Sources */,
			);
			runOnlyForDeploymentPostprocessing = 0;
		};
		2BB546A629FABB0800F07604 /* Sources */ = {
			isa = PBXSourcesBuildPhase;
			buildActionMask = 2147483647;
			files = (
				2BB546AF29FABB0800F07604 /* LootLoggerTests.swift in Sources */,
			);
			runOnlyForDeploymentPostprocessing = 0;
		};
		2BB546B029FABB0800F07604 /* Sources */ = {
			isa = PBXSourcesBuildPhase;
			buildActionMask = 2147483647;
			files = (
				2BB546BB29FABB0800F07604 /* LootLoggerUITestsLaunchTests.swift in Sources */,
				2BB546B929FABB0800F07604 /* LootLoggerUITests.swift in Sources */,
			);
			runOnlyForDeploymentPostprocessing = 0;
		};
/* End PBXSourcesBuildPhase section */

/* Begin PBXTargetDependency section */
		2BB546AC29FABB0800F07604 /* PBXTargetDependency */ = {
			isa = PBXTargetDependency;
			target = 2BB5469329FABB0700F07604 /* LootLogger */;
			targetProxy = 2BB546AB29FABB0800F07604 /* PBXContainerItemProxy */;
		};
		2BB546B629FABB0800F07604 /* PBXTargetDependency */ = {
			isa = PBXTargetDependency;
			target = 2BB5469329FABB0700F07604 /* LootLogger */;
			targetProxy = 2BB546B529FABB0800F07604 /* PBXContainerItemProxy */;
		};
/* End PBXTargetDependency section */

/* Begin PBXVariantGroup section */
		2BB5469D29FABB0700F07604 /* Main.storyboard */ = {
			isa = PBXVariantGroup;
			children = (
				2BB5469E29FABB0700F07604 /* Base */,
			);
			name = Main.storyboard;
			sourceTree = "<group>";
		};
		2BB546A229FABB0800F07604 /* LaunchScreen.storyboard */ = {
			isa = PBXVariantGroup;
			children = (
				2BB546A329FABB0800F07604 /* Base */,
			);
			name = LaunchScreen.storyboard;
			sourceTree = "<group>";
		};
/* End PBXVariantGroup section */

/* Begin XCBuildConfiguration section */
		2BB546BC29FABB0800F07604 /* Debug */ = {
			isa = XCBuildConfiguration;
			buildSettings = {
				ALWAYS_SEARCH_USER_PATHS = NO;
				CLANG_ANALYZER_NONNULL = YES;
				CLANG_ANALYZER_NUMBER_OBJECT_CONVERSION = YES_AGGRESSIVE;
				CLANG_CXX_LANGUAGE_STANDARD = "gnu++20";
				CLANG_ENABLE_MODULES = YES;
				CLANG_ENABLE_OBJC_ARC = YES;
				CLANG_ENABLE_OBJC_WEAK = YES;
				CLANG_WARN_BLOCK_CAPTURE_AUTORELEASING = YES;
				CLANG_WARN_BOOL_CONVERSION = YES;
				CLANG_WARN_COMMA = YES;
				CLANG_WARN_CONSTANT_CONVERSION = YES;
				CLANG_WARN_DEPRECATED_OBJC_IMPLEMENTATIONS = YES;
				CLANG_WARN_DIRECT_OBJC_ISA_USAGE = YES_ERROR;
				CLANG_WARN_DOCUMENTATION_COMMENTS = YES;
				CLANG_WARN_EMPTY_BODY = YES;
				CLANG_WARN_ENUM_CONVERSION = YES;
				CLANG_WARN_INFINITE_RECURSION = YES;
				CLANG_WARN_INT_CONVERSION = YES;
				CLANG_WARN_NON_LITERAL_NULL_CONVERSION = YES;
				CLANG_WARN_OBJC_IMPLICIT_RETAIN_SELF = YES;
				CLANG_WARN_OBJC_LITERAL_CONVERSION = YES;
				CLANG_WARN_OBJC_ROOT_CLASS = YES_ERROR;
				CLANG_WARN_QUOTED_INCLUDE_IN_FRAMEWORK_HEADER = YES;
				CLANG_WARN_RANGE_LOOP_ANALYSIS = YES;
				CLANG_WARN_STRICT_PROTOTYPES = YES;
				CLANG_WARN_SUSPICIOUS_MOVE = YES;
				CLANG_WARN_UNGUARDED_AVAILABILITY = YES_AGGRESSIVE;
				CLANG_WARN_UNREACHABLE_CODE = YES;
				CLANG_WARN__DUPLICATE_METHOD_MATCH = YES;
				COPY_PHASE_STRIP = NO;
				DEBUG_INFORMATION_FORMAT = dwarf;
				ENABLE_STRICT_OBJC_MSGSEND = YES;
				ENABLE_TESTABILITY = YES;
				GCC_C_LANGUAGE_STANDARD = gnu11;
				GCC_DYNAMIC_NO_PIC = NO;
				GCC_NO_COMMON_BLOCKS = YES;
				GCC_OPTIMIZATION_LEVEL = 0;
				GCC_PREPROCESSOR_DEFINITIONS = (
					"DEBUG=1",
					"$(inherited)",
				);
				GCC_WARN_64_TO_32_BIT_CONVERSION = YES;
				GCC_WARN_ABOUT_RETURN_TYPE = YES_ERROR;
				GCC_WARN_UNDECLARED_SELECTOR = YES;
				GCC_WARN_UNINITIALIZED_AUTOS = YES_AGGRESSIVE;
				GCC_WARN_UNUSED_FUNCTION = YES;
				GCC_WARN_UNUSED_VARIABLE = YES;
				IPHONEOS_DEPLOYMENT_TARGET = 16.4;
				MTL_ENABLE_DEBUG_INFO = INCLUDE_SOURCE;
				MTL_FAST_MATH = YES;
				ONLY_ACTIVE_ARCH = YES;
				SDKROOT = iphoneos;
				SWIFT_ACTIVE_COMPILATION_CONDITIONS = DEBUG;
				SWIFT_OPTIMIZATION_LEVEL = "-Onone";
			};
			name = Debug;
		};
		2BB546BD29FABB0800F07604 /* Release */ = {
			isa = XCBuildConfiguration;
			buildSettings = {
				ALWAYS_SEARCH_USER_PATHS = NO;
				CLANG_ANALYZER_NONNULL = YES;
				CLANG_ANALYZER_NUMBER_OBJECT_CONVERSION = YES_AGGRESSIVE;
				CLANG_CXX_LANGUAGE_STANDARD = "gnu++20";
				CLANG_ENABLE_MODULES = YES;
				CLANG_ENABLE_OBJC_ARC = YES;
				CLANG_ENABLE_OBJC_WEAK = YES;
				CLANG_WARN_BLOCK_CAPTURE_AUTORELEASING = YES;
				CLANG_WARN_BOOL_CONVERSION = YES;
				CLANG_WARN_COMMA = YES;
				CLANG_WARN_CONSTANT_CONVERSION = YES;
				CLANG_WARN_DEPRECATED_OBJC_IMPLEMENTATIONS = YES;
				CLANG_WARN_DIRECT_OBJC_ISA_USAGE = YES_ERROR;
				CLANG_WARN_DOCUMENTATION_COMMENTS = YES;
				CLANG_WARN_EMPTY_BODY = YES;
				CLANG_WARN_ENUM_CONVERSION = YES;
				CLANG_WARN_INFINITE_RECURSION = YES;
				CLANG_WARN_INT_CONVERSION = YES;
				CLANG_WARN_NON_LITERAL_NULL_CONVERSION = YES;
				CLANG_WARN_OBJC_IMPLICIT_RETAIN_SELF = YES;
				CLANG_WARN_OBJC_LITERAL_CONVERSION = YES;
				CLANG_WARN_OBJC_ROOT_CLASS = YES_ERROR;
				CLANG_WARN_QUOTED_INCLUDE_IN_FRAMEWORK_HEADER = YES;
				CLANG_WARN_RANGE_LOOP_ANALYSIS = YES;
				CLANG_WARN_STRICT_PROTOTYPES = YES;
				CLANG_WARN_SUSPICIOUS_MOVE = YES;
				CLANG_WARN_UNGUARDED_AVAILABILITY = YES_AGGRESSIVE;
				CLANG_WARN_UNREACHABLE_CODE = YES;
				CLANG_WARN__DUPLICATE_METHOD_MATCH = YES;
				COPY_PHASE_STRIP = NO;
				DEBUG_INFORMATION_FORMAT = "dwarf-with-dsym";
				ENABLE_NS_ASSERTIONS = NO;
				ENABLE_STRICT_OBJC_MSGSEND = YES;
				GCC_C_LANGUAGE_STANDARD = gnu11;
				GCC_NO_COMMON_BLOCKS = YES;
				GCC_WARN_64_TO_32_BIT_CONVERSION = YES;
				GCC_WARN_ABOUT_RETURN_TYPE = YES_ERROR;
				GCC_WARN_UNDECLARED_SELECTOR = YES;
				GCC_WARN_UNINITIALIZED_AUTOS = YES_AGGRESSIVE;
				GCC_WARN_UNUSED_FUNCTION = YES;
				GCC_WARN_UNUSED_VARIABLE = YES;
				IPHONEOS_DEPLOYMENT_TARGET = 16.4;
				MTL_ENABLE_DEBUG_INFO = NO;
				MTL_FAST_MATH = YES;
				SDKROOT = iphoneos;
				SWIFT_COMPILATION_MODE = wholemodule;
				SWIFT_OPTIMIZATION_LEVEL = "-O";
				VALIDATE_PRODUCT = YES;
			};
			name = Release;
		};
		2BB546BF29FABB0800F07604 /* Debug */ = {
			isa = XCBuildConfiguration;
			buildSettings = {
				ASSETCATALOG_COMPILER_APPICON_NAME = AppIcon;
				ASSETCATALOG_COMPILER_GLOBAL_ACCENT_COLOR_NAME = AccentColor;
				CODE_SIGN_STYLE = Automatic;
				CURRENT_PROJECT_VERSION = 1;
				DEVELOPMENT_TEAM = TUBY4CNJ3W;
				GENERATE_INFOPLIST_FILE = YES;
				INFOPLIST_FILE = LootLogger/Info.plist;
				INFOPLIST_KEY_UIApplicationSupportsIndirectInputEvents = YES;
				INFOPLIST_KEY_UILaunchStoryboardName = LaunchScreen;
				INFOPLIST_KEY_UIMainStoryboardFile = Main;
				INFOPLIST_KEY_UISupportedInterfaceOrientations_iPad = "UIInterfaceOrientationPortrait UIInterfaceOrientationPortraitUpsideDown UIInterfaceOrientationLandscapeLeft UIInterfaceOrientationLandscapeRight";
				INFOPLIST_KEY_UISupportedInterfaceOrientations_iPhone = "UIInterfaceOrientationPortrait UIInterfaceOrientationLandscapeLeft UIInterfaceOrientationLandscapeRight";
				IPHONEOS_DEPLOYMENT_TARGET = 15.0;
				LD_RUNPATH_SEARCH_PATHS = (
					"$(inherited)",
					"@executable_path/Frameworks",
				);
				MARKETING_VERSION = 1.0;
				PRODUCT_BUNDLE_IDENTIFIER = salisburyapps.LootLogger;
				PRODUCT_NAME = "$(TARGET_NAME)";
				SWIFT_EMIT_LOC_STRINGS = YES;
				SWIFT_VERSION = 5.0;
				TARGETED_DEVICE_FAMILY = "1,2";
			};
			name = Debug;
		};
		2BB546C029FABB0800F07604 /* Release */ = {
			isa = XCBuildConfiguration;
			buildSettings = {
				ASSETCATALOG_COMPILER_APPICON_NAME = AppIcon;
				ASSETCATALOG_COMPILER_GLOBAL_ACCENT_COLOR_NAME = AccentColor;
				CODE_SIGN_STYLE = Automatic;
				CURRENT_PROJECT_VERSION = 1;
				DEVELOPMENT_TEAM = TUBY4CNJ3W;
				GENERATE_INFOPLIST_FILE = YES;
				INFOPLIST_FILE = LootLogger/Info.plist;
				INFOPLIST_KEY_UIApplicationSupportsIndirectInputEvents = YES;
				INFOPLIST_KEY_UILaunchStoryboardName = LaunchScreen;
				INFOPLIST_KEY_UIMainStoryboardFile = Main;
				INFOPLIST_KEY_UISupportedInterfaceOrientations_iPad = "UIInterfaceOrientationPortrait UIInterfaceOrientationPortraitUpsideDown UIInterfaceOrientationLandscapeLeft UIInterfaceOrientationLandscapeRight";
				INFOPLIST_KEY_UISupportedInterfaceOrientations_iPhone = "UIInterfaceOrientationPortrait UIInterfaceOrientationLandscapeLeft UIInterfaceOrientationLandscapeRight";
				IPHONEOS_DEPLOYMENT_TARGET = 15.0;
				LD_RUNPATH_SEARCH_PATHS = (
					"$(inherited)",
					"@executable_path/Frameworks",
				);
				MARKETING_VERSION = 1.0;
				PRODUCT_BUNDLE_IDENTIFIER = salisburyapps.LootLogger;
				PRODUCT_NAME = "$(TARGET_NAME)";
				SWIFT_EMIT_LOC_STRINGS = YES;
				SWIFT_VERSION = 5.0;
				TARGETED_DEVICE_FAMILY = "1,2";
			};
			name = Release;
		};
		2BB546C229FABB0800F07604 /* Debug */ = {
			isa = XCBuildConfiguration;
			buildSettings = {
				ALWAYS_EMBED_SWIFT_STANDARD_LIBRARIES = YES;
				BUNDLE_LOADER = "$(TEST_HOST)";
				CODE_SIGN_STYLE = Automatic;
				CURRENT_PROJECT_VERSION = 1;
				GENERATE_INFOPLIST_FILE = YES;
				IPHONEOS_DEPLOYMENT_TARGET = 16.4;
				MARKETING_VERSION = 1.0;
				PRODUCT_BUNDLE_IDENTIFIER = salisburyapps.LootLoggerTests;
				PRODUCT_NAME = "$(TARGET_NAME)";
				SWIFT_EMIT_LOC_STRINGS = NO;
				SWIFT_VERSION = 5.0;
				TARGETED_DEVICE_FAMILY = "1,2";
				TEST_HOST = "$(BUILT_PRODUCTS_DIR)/LootLogger.app/$(BUNDLE_EXECUTABLE_FOLDER_PATH)/LootLogger";
			};
			name = Debug;
		};
		2BB546C329FABB0800F07604 /* Release */ = {
			isa = XCBuildConfiguration;
			buildSettings = {
				ALWAYS_EMBED_SWIFT_STANDARD_LIBRARIES = YES;
				BUNDLE_LOADER = "$(TEST_HOST)";
				CODE_SIGN_STYLE = Automatic;
				CURRENT_PROJECT_VERSION = 1;
				GENERATE_INFOPLIST_FILE = YES;
				IPHONEOS_DEPLOYMENT_TARGET = 16.4;
				MARKETING_VERSION = 1.0;
				PRODUCT_BUNDLE_IDENTIFIER = salisburyapps.LootLoggerTests;
				PRODUCT_NAME = "$(TARGET_NAME)";
				SWIFT_EMIT_LOC_STRINGS = NO;
				SWIFT_VERSION = 5.0;
				TARGETED_DEVICE_FAMILY = "1,2";
				TEST_HOST = "$(BUILT_PRODUCTS_DIR)/LootLogger.app/$(BUNDLE_EXECUTABLE_FOLDER_PATH)/LootLogger";
			};
			name = Release;
		};
		2BB546C529FABB0800F07604 /* Debug */ = {
			isa = XCBuildConfiguration;
			buildSettings = {
				ALWAYS_EMBED_SWIFT_STANDARD_LIBRARIES = YES;
				CODE_SIGN_STYLE = Automatic;
				CURRENT_PROJECT_VERSION = 1;
				GENERATE_INFOPLIST_FILE = YES;
				MARKETING_VERSION = 1.0;
				PRODUCT_BUNDLE_IDENTIFIER = salisburyapps.LootLoggerUITests;
				PRODUCT_NAME = "$(TARGET_NAME)";
				SWIFT_EMIT_LOC_STRINGS = NO;
				SWIFT_VERSION = 5.0;
				TARGETED_DEVICE_FAMILY = "1,2";
				TEST_TARGET_NAME = LootLogger;
			};
			name = Debug;
		};
		2BB546C629FABB0800F07604 /* Release */ = {
			isa = XCBuildConfiguration;
			buildSettings = {
				ALWAYS_EMBED_SWIFT_STANDARD_LIBRARIES = YES;
				CODE_SIGN_STYLE = Automatic;
				CURRENT_PROJECT_VERSION = 1;
				GENERATE_INFOPLIST_FILE = YES;
				MARKETING_VERSION = 1.0;
				PRODUCT_BUNDLE_IDENTIFIER = salisburyapps.LootLoggerUITests;
				PRODUCT_NAME = "$(TARGET_NAME)";
				SWIFT_EMIT_LOC_STRINGS = NO;
				SWIFT_VERSION = 5.0;
				TARGETED_DEVICE_FAMILY = "1,2";
				TEST_TARGET_NAME = LootLogger;
			};
			name = Release;
		};
/* End XCBuildConfiguration section */

/* Begin XCConfigurationList section */
		2BB5468F29FABB0600F07604 /* Build configuration list for PBXProject "LootLogger" */ = {
			isa = XCConfigurationList;
			buildConfigurations = (
				2BB546BC29FABB0800F07604 /* Debug */,
				2BB546BD29FABB0800F07604 /* Release */,
			);
			defaultConfigurationIsVisible = 0;
			defaultConfigurationName = Release;
		};
		2BB546BE29FABB0800F07604 /* Build configuration list for PBXNativeTarget "LootLogger" */ = {
			isa = XCConfigurationList;
			buildConfigurations = (
				2BB546BF29FABB0800F07604 /* Debug */,
				2BB546C029FABB0800F07604 /* Release */,
			);
			defaultConfigurationIsVisible = 0;
			defaultConfigurationName = Release;
		};
		2BB546C129FABB0800F07604 /* Build configuration list for PBXNativeTarget "LootLoggerTests" */ = {
			isa = XCConfigurationList;
			buildConfigurations = (
				2BB546C229FABB0800F07604 /* Debug */,
				2BB546C329FABB0800F07604 /* Release */,
			);
			defaultConfigurationIsVisible = 0;
			defaultConfigurationName = Release;
		};
		2BB546C429FABB0800F07604 /* Build configuration list for PBXNativeTarget "LootLoggerUITests" */ = {
			isa = XCConfigurationList;
			buildConfigurations = (
				2BB546C529FABB0800F07604 /* Debug */,
				2BB546C629FABB0800F07604 /* Release */,
			);
			defaultConfigurationIsVisible = 0;
			defaultConfigurationName = Release;
		};
/* End XCConfigurationList section */
	};
	rootObject = 2BB5468C29FABB0600F07604 /* Project object */;
}
