// !$*UTF8*$!
{
	archiveVersion = 1;
	classes = {
	};
	objectVersion = 56;
	objects = {

/* Begin PBXBuildFile section */
		2B3D9A482A0281EF0068A311 /* AppDelegate.swift in Sources */ = {isa = PBXBuildFile; fileRef = 2B3D9A472A0281EF0068A311 /* AppDelegate.swift */; };
		2B3D9A4A2A0281EF0068A311 /* SceneDelegate.swift in Sources */ = {isa = PBXBuildFile; fileRef = 2B3D9A492A0281EF0068A311 /* SceneDelegate.swift */; };
		2B3D9A4C2A0281EF0068A311 /* MoodSelectionViewController.swift in Sources */ = {isa = PBXBuildFile; fileRef = 2B3D9A4B2A0281EF0068A311 /* MoodSelectionViewController.swift */; };
		2B3D9A4F2A0281EF0068A311 /* Main.storyboard in Resources */ = {isa = PBXBuildFile; fileRef = 2B3D9A4D2A0281EF0068A311 /* Main.storyboard */; };
		2B3D9A512A0281F00068A311 /* Assets.xcassets in Resources */ = {isa = PBXBuildFile; fileRef = 2B3D9A502A0281F00068A311 /* Assets.xcassets */; };
		2B3D9A542A0281F00068A311 /* LaunchScreen.storyboard in Resources */ = {isa = PBXBuildFile; fileRef = 2B3D9A522A0281F00068A311 /* LaunchScreen.storyboard */; };
		2B3D9A5F2A0281F00068A311 /* MandalaTests.swift in Sources */ = {isa = PBXBuildFile; fileRef = 2B3D9A5E2A0281F00068A311 /* MandalaTests.swift */; };
		2B3D9A692A0281F00068A311 /* MandalaUITests.swift in Sources */ = {isa = PBXBuildFile; fileRef = 2B3D9A682A0281F00068A311 /* MandalaUITests.swift */; };
		2B3D9A6B2A0281F00068A311 /* MandalaUITestsLaunchTests.swift in Sources */ = {isa = PBXBuildFile; fileRef = 2B3D9A6A2A0281F00068A311 /* MandalaUITestsLaunchTests.swift */; };
		2B3D9A782A0282020068A311 /* Mood.swift in Sources */ = {isa = PBXBuildFile; fileRef = 2B3D9A772A0282020068A311 /* Mood.swift */; };
		2B3D9A7A2A02824B0068A311 /* MoodEntry.swift in Sources */ = {isa = PBXBuildFile; fileRef = 2B3D9A792A02824B0068A311 /* MoodEntry.swift */; };
		2B3D9A7C2A0295F80068A311 /* UIColour+Mandala.swift in Sources */ = {isa = PBXBuildFile; fileRef = 2B3D9A7B2A0295F80068A311 /* UIColour+Mandala.swift */; };
		2B3D9A7E2A0296B60068A311 /* UIImage+Mandala.swift in Sources */ = {isa = PBXBuildFile; fileRef = 2B3D9A7D2A0296B60068A311 /* UIImage+Mandala.swift */; };
		2B47B8772A02B6DA00DCBC59 /* MoodListViewController.swift in Sources */ = {isa = PBXBuildFile; fileRef = 2B47B8762A02B6DA00DCBC59 /* MoodListViewController.swift */; };
		2BBF46462A039E4B0059AA23 /* MoodsConfigurable.swift in Sources */ = {isa = PBXBuildFile; fileRef = 2BBF46452A039E4B0059AA23 /* MoodsConfigurable.swift */; };
		2BBF46482A03B1560059AA23 /* ImageSelector.swift in Sources */ = {isa = PBXBuildFile; fileRef = 2BBF46472A03B1560059AA23 /* ImageSelector.swift */; };
/* End PBXBuildFile section */

/* Begin PBXContainerItemProxy section */
		2B3D9A5B2A0281F00068A311 /* PBXContainerItemProxy */ = {
			isa = PBXContainerItemProxy;
			containerPortal = 2B3D9A3C2A0281EF0068A311 /* Project object */;
			proxyType = 1;
			remoteGlobalIDString = 2B3D9A432A0281EF0068A311;
			remoteInfo = Mandala;
		};
		2B3D9A652A0281F00068A311 /* PBXContainerItemProxy */ = {
			isa = PBXContainerItemProxy;
			containerPortal = 2B3D9A3C2A0281EF0068A311 /* Project object */;
			proxyType = 1;
			remoteGlobalIDString = 2B3D9A432A0281EF0068A311;
			remoteInfo = Mandala;
		};
/* End PBXContainerItemProxy section */

/* Begin PBXFileReference section */
		2B3D9A442A0281EF0068A311 /* Mandala.app */ = {isa = PBXFileReference; explicitFileType = wrapper.application; includeInIndex = 0; path = Mandala.app; sourceTree = BUILT_PRODUCTS_DIR; };
		2B3D9A472A0281EF0068A311 /* AppDelegate.swift */ = {isa = PBXFileReference; lastKnownFileType = sourcecode.swift; path = AppDelegate.swift; sourceTree = "<group>"; };
		2B3D9A492A0281EF0068A311 /* SceneDelegate.swift */ = {isa = PBXFileReference; lastKnownFileType = sourcecode.swift; path = SceneDelegate.swift; sourceTree = "<group>"; };
		2B3D9A4B2A0281EF0068A311 /* MoodSelectionViewController.swift */ = {isa = PBXFileReference; lastKnownFileType = sourcecode.swift; path = MoodSelectionViewController.swift; sourceTree = "<group>"; };
		2B3D9A4E2A0281EF0068A311 /* Base */ = {isa = PBXFileReference; lastKnownFileType = file.storyboard; name = Base; path = Base.lproj/Main.storyboard; sourceTree = "<group>"; };
		2B3D9A502A0281F00068A311 /* Assets.xcassets */ = {isa = PBXFileReference; lastKnownFileType = folder.assetcatalog; path = Assets.xcassets; sourceTree = "<group>"; };
		2B3D9A532A0281F00068A311 /* Base */ = {isa = PBXFileReference; lastKnownFileType = file.storyboard; name = Base; path = Base.lproj/LaunchScreen.storyboard; sourceTree = "<group>"; };
		2B3D9A552A0281F00068A311 /* Info.plist */ = {isa = PBXFileReference; lastKnownFileType = text.plist.xml; path = Info.plist; sourceTree = "<group>"; };
		2B3D9A5A2A0281F00068A311 /* MandalaTests.xctest */ = {isa = PBXFileReference; explicitFileType = wrapper.cfbundle; includeInIndex = 0; path = MandalaTests.xctest; sourceTree = BUILT_PRODUCTS_DIR; };
		2B3D9A5E2A0281F00068A311 /* MandalaTests.swift */ = {isa = PBXFileReference; lastKnownFileType = sourcecode.swift; path = MandalaTests.swift; sourceTree = "<group>"; };
		2B3D9A642A0281F00068A311 /* MandalaUITests.xctest */ = {isa = PBXFileReference; explicitFileType = wrapper.cfbundle; includeInIndex = 0; path = MandalaUITests.xctest; sourceTree = BUILT_PRODUCTS_DIR; };
		2B3D9A682A0281F00068A311 /* MandalaUITests.swift */ = {isa = PBXFileReference; lastKnownFileType = sourcecode.swift; path = MandalaUITests.swift; sourceTree = "<group>"; };
		2B3D9A6A2A0281F00068A311 /* MandalaUITestsLaunchTests.swift */ = {isa = PBXFileReference; lastKnownFileType = sourcecode.swift; path = MandalaUITestsLaunchTests.swift; sourceTree = "<group>"; };
		2B3D9A772A0282020068A311 /* Mood.swift */ = {isa = PBXFileReference; lastKnownFileType = sourcecode.swift; path = Mood.swift; sourceTree = "<group>"; };
		2B3D9A792A02824B0068A311 /* MoodEntry.swift */ = {isa = PBXFileReference; lastKnownFileType = sourcecode.swift; path = MoodEntry.swift; sourceTree = "<group>"; };
		2B3D9A7B2A0295F80068A311 /* UIColour+Mandala.swift */ = {isa = PBXFileReference; lastKnownFileType = sourcecode.swift; path = "UIColour+Mandala.swift"; sourceTree = "<group>"; };
		2B3D9A7D2A0296B60068A311 /* UIImage+Mandala.swift */ = {isa = PBXFileReference; lastKnownFileType = sourcecode.swift; path = "UIImage+Mandala.swift"; sourceTree = "<group>"; };
		2B47B8762A02B6DA00DCBC59 /* MoodListViewController.swift */ = {isa = PBXFileReference; lastKnownFileType = sourcecode.swift; path = MoodListViewController.swift; sourceTree = "<group>"; };
		2BBF46452A039E4B0059AA23 /* MoodsConfigurable.swift */ = {isa = PBXFileReference; lastKnownFileType = sourcecode.swift; path = MoodsConfigurable.swift; sourceTree = "<group>"; };
		2BBF46472A03B1560059AA23 /* ImageSelector.swift */ = {isa = PBXFileReference; lastKnownFileType = sourcecode.swift; path = ImageSelector.swift; sourceTree = "<group>"; };
/* End PBXFileReference section */

/* Begin PBXFrameworksBuildPhase section */
		2B3D9A412A0281EF0068A311 /* Frameworks */ = {
			isa = PBXFrameworksBuildPhase;
			buildActionMask = 2147483647;
			files = (
			);
			runOnlyForDeploymentPostprocessing = 0;
		};
		2B3D9A572A0281F00068A311 /* Frameworks */ = {
			isa = PBXFrameworksBuildPhase;
			buildActionMask = 2147483647;
			files = (
			);
			runOnlyForDeploymentPostprocessing = 0;
		};
		2B3D9A612A0281F00068A311 /* Frameworks */ = {
			isa = PBXFrameworksBuildPhase;
			buildActionMask = 2147483647;
			files = (
			);
			runOnlyForDeploymentPostprocessing = 0;
		};
/* End PBXFrameworksBuildPhase section */

/* Begin PBXGroup section */
		2B3D9A3B2A0281EF0068A311 = {
			isa = PBXGroup;
			children = (
				2B3D9A4B2A0281EF0068A311 /* MoodSelectionViewController.swift */,
				2BBF46472A03B1560059AA23 /* ImageSelector.swift */,
				2BBF46452A039E4B0059AA23 /* MoodsConfigurable.swift */,
				2B47B8762A02B6DA00DCBC59 /* MoodListViewController.swift */,
				2B3D9A7D2A0296B60068A311 /* UIImage+Mandala.swift */,
				2B3D9A7B2A0295F80068A311 /* UIColour+Mandala.swift */,
				2B3D9A792A02824B0068A311 /* MoodEntry.swift */,
				2B3D9A772A0282020068A311 /* Mood.swift */,
				2B3D9A462A0281EF0068A311 /* Mandala */,
				2B3D9A5D2A0281F00068A311 /* MandalaTests */,
				2B3D9A672A0281F00068A311 /* MandalaUITests */,
				2B3D9A452A0281EF0068A311 /* Products */,
			);
			sourceTree = "<group>";
		};
		2B3D9A452A0281EF0068A311 /* Products */ = {
			isa = PBXGroup;
			children = (
				2B3D9A442A0281EF0068A311 /* Mandala.app */,
				2B3D9A5A2A0281F00068A311 /* MandalaTests.xctest */,
				2B3D9A642A0281F00068A311 /* MandalaUITests.xctest */,
			);
			name = Products;
			sourceTree = "<group>";
		};
		2B3D9A462A0281EF0068A311 /* Mandala */ = {
			isa = PBXGroup;
			children = (
				2B3D9A472A0281EF0068A311 /* AppDelegate.swift */,
				2B3D9A492A0281EF0068A311 /* SceneDelegate.swift */,
				2B3D9A4D2A0281EF0068A311 /* Main.storyboard */,
				2B3D9A502A0281F00068A311 /* Assets.xcassets */,
				2B3D9A522A0281F00068A311 /* LaunchScreen.storyboard */,
				2B3D9A552A0281F00068A311 /* Info.plist */,
			);
			path = Mandala;
			sourceTree = "<group>";
		};
		2B3D9A5D2A0281F00068A311 /* MandalaTests */ = {
			isa = PBXGroup;
			children = (
				2B3D9A5E2A0281F00068A311 /* MandalaTests.swift */,
			);
			path = MandalaTests;
			sourceTree = "<group>";
		};
		2B3D9A672A0281F00068A311 /* MandalaUITests */ = {
			isa = PBXGroup;
			children = (
				2B3D9A682A0281F00068A311 /* MandalaUITests.swift */,
				2B3D9A6A2A0281F00068A311 /* MandalaUITestsLaunchTests.swift */,
			);
			path = MandalaUITests;
			sourceTree = "<group>";
		};
/* End PBXGroup section */

/* Begin PBXNativeTarget section */
		2B3D9A432A0281EF0068A311 /* Mandala */ = {
			isa = PBXNativeTarget;
			buildConfigurationList = 2B3D9A6E2A0281F00068A311 /* Build configuration list for PBXNativeTarget "Mandala" */;
			buildPhases = (
				2B3D9A402A0281EF0068A311 /* Sources */,
				2B3D9A412A0281EF0068A311 /* Frameworks */,
				2B3D9A422A0281EF0068A311 /* Resources */,
			);
			buildRules = (
			);
			dependencies = (
			);
			name = Mandala;
			productName = Mandala;
			productReference = 2B3D9A442A0281EF0068A311 /* Mandala.app */;
			productType = "com.apple.product-type.application";
		};
		2B3D9A592A0281F00068A311 /* MandalaTests */ = {
			isa = PBXNativeTarget;
			buildConfigurationList = 2B3D9A712A0281F00068A311 /* Build configuration list for PBXNativeTarget "MandalaTests" */;
			buildPhases = (
				2B3D9A562A0281F00068A311 /* Sources */,
				2B3D9A572A0281F00068A311 /* Frameworks */,
				2B3D9A582A0281F00068A311 /* Resources */,
			);
			buildRules = (
			);
			dependencies = (
				2B3D9A5C2A0281F00068A311 /* PBXTargetDependency */,
			);
			name = MandalaTests;
			productName = MandalaTests;
			productReference = 2B3D9A5A2A0281F00068A311 /* MandalaTests.xctest */;
			productType = "com.apple.product-type.bundle.unit-test";
		};
		2B3D9A632A0281F00068A311 /* MandalaUITests */ = {
			isa = PBXNativeTarget;
			buildConfigurationList = 2B3D9A742A0281F00068A311 /* Build configuration list for PBXNativeTarget "MandalaUITests" */;
			buildPhases = (
				2B3D9A602A0281F00068A311 /* Sources */,
				2B3D9A612A0281F00068A311 /* Frameworks */,
				2B3D9A622A0281F00068A311 /* Resources */,
			);
			buildRules = (
			);
			dependencies = (
				2B3D9A662A0281F00068A311 /* PBXTargetDependency */,
			);
			name = MandalaUITests;
			productName = MandalaUITests;
			productReference = 2B3D9A642A0281F00068A311 /* MandalaUITests.xctest */;
			productType = "com.apple.product-type.bundle.ui-testing";
		};
/* End PBXNativeTarget section */

/* Begin PBXProject section */
		2B3D9A3C2A0281EF0068A311 /* Project object */ = {
			isa = PBXProject;
			attributes = {
				BuildIndependentTargetsInParallel = 1;
				LastSwiftUpdateCheck = 1430;
				LastUpgradeCheck = 1430;
				TargetAttributes = {
					2B3D9A432A0281EF0068A311 = {
						CreatedOnToolsVersion = 14.3;
					};
					2B3D9A592A0281F00068A311 = {
						CreatedOnToolsVersion = 14.3;
						TestTargetID = 2B3D9A432A0281EF0068A311;
					};
					2B3D9A632A0281F00068A311 = {
						CreatedOnToolsVersion = 14.3;
						TestTargetID = 2B3D9A432A0281EF0068A311;
					};
				};
			};
			buildConfigurationList = 2B3D9A3F2A0281EF0068A311 /* Build configuration list for PBXProject "Mandala" */;
			compatibilityVersion = "Xcode 14.0";
			developmentRegion = en;
			hasScannedForEncodings = 0;
			knownRegions = (
				en,
				Base,
			);
			mainGroup = 2B3D9A3B2A0281EF0068A311;
			productRefGroup = 2B3D9A452A0281EF0068A311 /* Products */;
			projectDirPath = "";
			projectRoot = "";
			targets = (
				2B3D9A432A0281EF0068A311 /* Mandala */,
				2B3D9A592A0281F00068A311 /* MandalaTests */,
				2B3D9A632A0281F00068A311 /* MandalaUITests */,
			);
		};
/* End PBXProject section */

/* Begin PBXResourcesBuildPhase section */
		2B3D9A422A0281EF0068A311 /* Resources */ = {
			isa = PBXResourcesBuildPhase;
			buildActionMask = 2147483647;
			files = (
				2B3D9A542A0281F00068A311 /* LaunchScreen.storyboard in Resources */,
				2B3D9A512A0281F00068A311 /* Assets.xcassets in Resources */,
				2B3D9A4F2A0281EF0068A311 /* Main.storyboard in Resources */,
			);
			runOnlyForDeploymentPostprocessing = 0;
		};
		2B3D9A582A0281F00068A311 /* Resources */ = {
			isa = PBXResourcesBuildPhase;
			buildActionMask = 2147483647;
			files = (
			);
			runOnlyForDeploymentPostprocessing = 0;
		};
		2B3D9A622A0281F00068A311 /* Resources */ = {
			isa = PBXResourcesBuildPhase;
			buildActionMask = 2147483647;
			files = (
			);
			runOnlyForDeploymentPostprocessing = 0;
		};
/* End PBXResourcesBuildPhase section */

/* Begin PBXSourcesBuildPhase section */
		2B3D9A402A0281EF0068A311 /* Sources */ = {
			isa = PBXSourcesBuildPhase;
			buildActionMask = 2147483647;
			files = (
				2B3D9A7C2A0295F80068A311 /* UIColour+Mandala.swift in Sources */,
				2B47B8772A02B6DA00DCBC59 /* MoodListViewController.swift in Sources */,
				2B3D9A782A0282020068A311 /* Mood.swift in Sources */,
				2B3D9A4C2A0281EF0068A311 /* MoodSelectionViewController.swift in Sources */,
				2BBF46462A039E4B0059AA23 /* MoodsConfigurable.swift in Sources */,
				2B3D9A7A2A02824B0068A311 /* MoodEntry.swift in Sources */,
				2B3D9A482A0281EF0068A311 /* AppDelegate.swift in Sources */,
				2B3D9A7E2A0296B60068A311 /* UIImage+Mandala.swift in Sources */,
				2BBF46482A03B1560059AA23 /* ImageSelector.swift in Sources */,
				2B3D9A4A2A0281EF0068A311 /* SceneDelegate.swift in Sources */,
			);
			runOnlyForDeploymentPostprocessing = 0;
		};
		2B3D9A562A0281F00068A311 /* Sources */ = {
			isa = PBXSourcesBuildPhase;
			buildActionMask = 2147483647;
			files = (
				2B3D9A5F2A0281F00068A311 /* MandalaTests.swift in Sources */,
			);
			runOnlyForDeploymentPostprocessing = 0;
		};
		2B3D9A602A0281F00068A311 /* Sources */ = {
			isa = PBXSourcesBuildPhase;
			buildActionMask = 2147483647;
			files = (
				2B3D9A692A0281F00068A311 /* MandalaUITests.swift in Sources */,
				2B3D9A6B2A0281F00068A311 /* MandalaUITestsLaunchTests.swift in Sources */,
			);
			runOnlyForDeploymentPostprocessing = 0;
		};
/* End PBXSourcesBuildPhase section */

/* Begin PBXTargetDependency section */
		2B3D9A5C2A0281F00068A311 /* PBXTargetDependency */ = {
			isa = PBXTargetDependency;
			target = 2B3D9A432A0281EF0068A311 /* Mandala */;
			targetProxy = 2B3D9A5B2A0281F00068A311 /* PBXContainerItemProxy */;
		};
		2B3D9A662A0281F00068A311 /* PBXTargetDependency */ = {
			isa = PBXTargetDependency;
			target = 2B3D9A432A0281EF0068A311 /* Mandala */;
			targetProxy = 2B3D9A652A0281F00068A311 /* PBXContainerItemProxy */;
		};
/* End PBXTargetDependency section */

/* Begin PBXVariantGroup section */
		2B3D9A4D2A0281EF0068A311 /* Main.storyboard */ = {
			isa = PBXVariantGroup;
			children = (
				2B3D9A4E2A0281EF0068A311 /* Base */,
			);
			name = Main.storyboard;
			sourceTree = "<group>";
		};
		2B3D9A522A0281F00068A311 /* LaunchScreen.storyboard */ = {
			isa = PBXVariantGroup;
			children = (
				2B3D9A532A0281F00068A311 /* Base */,
			);
			name = LaunchScreen.storyboard;
			sourceTree = "<group>";
		};
/* End PBXVariantGroup section */

/* Begin XCBuildConfiguration section */
		2B3D9A6C2A0281F00068A311 /* Debug */ = {
			isa = XCBuildConfiguration;
			buildSettings = {
				ALWAYS_SEARCH_USER_PATHS = NO;
				CLANG_ANALYZER_NONNULL = YES;
				CLANG_ANALYZER_NUMBER_OBJECT_CONVERSION = YES_AGGRESSIVE;
				CLANG_CXX_LANGUAGE_STANDARD = "gnu++20";
				CLANG_ENABLE_MODULES = YES;
				CLANG_ENABLE_OBJC_ARC = YES;
				CLANG_ENABLE_OBJC_WEAK = YES;
				CLANG_WARN_BLOCK_CAPTURE_AUTORELEASING = YES;
				CLANG_WARN_BOOL_CONVERSION = YES;
				CLANG_WARN_COMMA = YES;
				CLANG_WARN_CONSTANT_CONVERSION = YES;
				CLANG_WARN_DEPRECATED_OBJC_IMPLEMENTATIONS = YES;
				CLANG_WARN_DIRECT_OBJC_ISA_USAGE = YES_ERROR;
				CLANG_WARN_DOCUMENTATION_COMMENTS = YES;
				CLANG_WARN_EMPTY_BODY = YES;
				CLANG_WARN_ENUM_CONVERSION = YES;
				CLANG_WARN_INFINITE_RECURSION = YES;
				CLANG_WARN_INT_CONVERSION = YES;
				CLANG_WARN_NON_LITERAL_NULL_CONVERSION = YES;
				CLANG_WARN_OBJC_IMPLICIT_RETAIN_SELF = YES;
				CLANG_WARN_OBJC_LITERAL_CONVERSION = YES;
				CLANG_WARN_OBJC_ROOT_CLASS = YES_ERROR;
				CLANG_WARN_QUOTED_INCLUDE_IN_FRAMEWORK_HEADER = YES;
				CLANG_WARN_RANGE_LOOP_ANALYSIS = YES;
				CLANG_WARN_STRICT_PROTOTYPES = YES;
				CLANG_WARN_SUSPICIOUS_MOVE = YES;
				CLANG_WARN_UNGUARDED_AVAILABILITY = YES_AGGRESSIVE;
				CLANG_WARN_UNREACHABLE_CODE = YES;
				CLANG_WARN__DUPLICATE_METHOD_MATCH = YES;
				COPY_PHASE_STRIP = NO;
				DEBUG_INFORMATION_FORMAT = dwarf;
				ENABLE_STRICT_OBJC_MSGSEND = YES;
				ENABLE_TESTABILITY = YES;
				GCC_C_LANGUAGE_STANDARD = gnu11;
				GCC_DYNAMIC_NO_PIC = NO;
				GCC_NO_COMMON_BLOCKS = YES;
				GCC_OPTIMIZATION_LEVEL = 0;
				GCC_PREPROCESSOR_DEFINITIONS = (
					"DEBUG=1",
					"$(inherited)",
				);
				GCC_WARN_64_TO_32_BIT_CONVERSION = YES;
				GCC_WARN_ABOUT_RETURN_TYPE = YES_ERROR;
				GCC_WARN_UNDECLARED_SELECTOR = YES;
				GCC_WARN_UNINITIALIZED_AUTOS = YES_AGGRESSIVE;
				GCC_WARN_UNUSED_FUNCTION = YES;
				GCC_WARN_UNUSED_VARIABLE = YES;
				IPHONEOS_DEPLOYMENT_TARGET = 16.4;
				MTL_ENABLE_DEBUG_INFO = INCLUDE_SOURCE;
				MTL_FAST_MATH = YES;
				ONLY_ACTIVE_ARCH = YES;
				SDKROOT = iphoneos;
				SWIFT_ACTIVE_COMPILATION_CONDITIONS = DEBUG;
				SWIFT_OPTIMIZATION_LEVEL = "-Onone";
			};
			name = Debug;
		};
		2B3D9A6D2A0281F00068A311 /* Release */ = {
			isa = XCBuildConfiguration;
			buildSettings = {
				ALWAYS_SEARCH_USER_PATHS = NO;
				CLANG_ANALYZER_NONNULL = YES;
				CLANG_ANALYZER_NUMBER_OBJECT_CONVERSION = YES_AGGRESSIVE;
				CLANG_CXX_LANGUAGE_STANDARD = "gnu++20";
				CLANG_ENABLE_MODULES = YES;
				CLANG_ENABLE_OBJC_ARC = YES;
				CLANG_ENABLE_OBJC_WEAK = YES;
				CLANG_WARN_BLOCK_CAPTURE_AUTORELEASING = YES;
				CLANG_WARN_BOOL_CONVERSION = YES;
				CLANG_WARN_COMMA = YES;
				CLANG_WARN_CONSTANT_CONVERSION = YES;
				CLANG_WARN_DEPRECATED_OBJC_IMPLEMENTATIONS = YES;
				CLANG_WARN_DIRECT_OBJC_ISA_USAGE = YES_ERROR;
				CLANG_WARN_DOCUMENTATION_COMMENTS = YES;
				CLANG_WARN_EMPTY_BODY = YES;
				CLANG_WARN_ENUM_CONVERSION = YES;
				CLANG_WARN_INFINITE_RECURSION = YES;
				CLANG_WARN_INT_CONVERSION = YES;
				CLANG_WARN_NON_LITERAL_NULL_CONVERSION = YES;
				CLANG_WARN_OBJC_IMPLICIT_RETAIN_SELF = YES;
				CLANG_WARN_OBJC_LITERAL_CONVERSION = YES;
				CLANG_WARN_OBJC_ROOT_CLASS = YES_ERROR;
				CLANG_WARN_QUOTED_INCLUDE_IN_FRAMEWORK_HEADER = YES;
				CLANG_WARN_RANGE_LOOP_ANALYSIS = YES;
				CLANG_WARN_STRICT_PROTOTYPES = YES;
				CLANG_WARN_SUSPICIOUS_MOVE = YES;
				CLANG_WARN_UNGUARDED_AVAILABILITY = YES_AGGRESSIVE;
				CLANG_WARN_UNREACHABLE_CODE = YES;
				CLANG_WARN__DUPLICATE_METHOD_MATCH = YES;
				COPY_PHASE_STRIP = NO;
				DEBUG_INFORMATION_FORMAT = "dwarf-with-dsym";
				ENABLE_NS_ASSERTIONS = NO;
				ENABLE_STRICT_OBJC_MSGSEND = YES;
				GCC_C_LANGUAGE_STANDARD = gnu11;
				GCC_NO_COMMON_BLOCKS = YES;
				GCC_WARN_64_TO_32_BIT_CONVERSION = YES;
				GCC_WARN_ABOUT_RETURN_TYPE = YES_ERROR;
				GCC_WARN_UNDECLARED_SELECTOR = YES;
				GCC_WARN_UNINITIALIZED_AUTOS = YES_AGGRESSIVE;
				GCC_WARN_UNUSED_FUNCTION = YES;
				GCC_WARN_UNUSED_VARIABLE = YES;
				IPHONEOS_DEPLOYMENT_TARGET = 16.4;
				MTL_ENABLE_DEBUG_INFO = NO;
				MTL_FAST_MATH = YES;
				SDKROOT = iphoneos;
				SWIFT_COMPILATION_MODE = wholemodule;
				SWIFT_OPTIMIZATION_LEVEL = "-O";
				VALIDATE_PRODUCT = YES;
			};
			name = Release;
		};
		2B3D9A6F2A0281F00068A311 /* Debug */ = {
			isa = XCBuildConfiguration;
			buildSettings = {
				ASSETCATALOG_COMPILER_APPICON_NAME = AppIcon;
				ASSETCATALOG_COMPILER_GLOBAL_ACCENT_COLOR_NAME = AccentColor;
				CODE_SIGN_STYLE = Automatic;
				CURRENT_PROJECT_VERSION = 1;
				DEVELOPMENT_TEAM = TUBY4CNJ3W;
				GENERATE_INFOPLIST_FILE = YES;
				INFOPLIST_FILE = Mandala/Info.plist;
				INFOPLIST_KEY_UIApplicationSupportsIndirectInputEvents = YES;
				INFOPLIST_KEY_UILaunchStoryboardName = LaunchScreen;
				INFOPLIST_KEY_UIMainStoryboardFile = Main;
				INFOPLIST_KEY_UISupportedInterfaceOrientations_iPad = "UIInterfaceOrientationPortrait UIInterfaceOrientationPortraitUpsideDown UIInterfaceOrientationLandscapeLeft UIInterfaceOrientationLandscapeRight";
				INFOPLIST_KEY_UISupportedInterfaceOrientations_iPhone = "UIInterfaceOrientationPortrait UIInterfaceOrientationLandscapeLeft UIInterfaceOrientationLandscapeRight";
				IPHONEOS_DEPLOYMENT_TARGET = 15.0;
				LD_RUNPATH_SEARCH_PATHS = (
					"$(inherited)",
					"@executable_path/Frameworks",
				);
				MARKETING_VERSION = 1.0;
				PRODUCT_BUNDLE_IDENTIFIER = salisburyapps.Mandala;
				PRODUCT_NAME = "$(TARGET_NAME)";
				SWIFT_EMIT_LOC_STRINGS = YES;
				SWIFT_VERSION = 5.0;
				TARGETED_DEVICE_FAMILY = "1,2";
			};
			name = Debug;
		};
		2B3D9A702A0281F00068A311 /* Release */ = {
			isa = XCBuildConfiguration;
			buildSettings = {
				ASSETCATALOG_COMPILER_APPICON_NAME = AppIcon;
				ASSETCATALOG_COMPILER_GLOBAL_ACCENT_COLOR_NAME = AccentColor;
				CODE_SIGN_STYLE = Automatic;
				CURRENT_PROJECT_VERSION = 1;
				DEVELOPMENT_TEAM = TUBY4CNJ3W;
				GENERATE_INFOPLIST_FILE = YES;
				INFOPLIST_FILE = Mandala/Info.plist;
				INFOPLIST_KEY_UIApplicationSupportsIndirectInputEvents = YES;
				INFOPLIST_KEY_UILaunchStoryboardName = LaunchScreen;
				INFOPLIST_KEY_UIMainStoryboardFile = Main;
				INFOPLIST_KEY_UISupportedInterfaceOrientations_iPad = "UIInterfaceOrientationPortrait UIInterfaceOrientationPortraitUpsideDown UIInterfaceOrientationLandscapeLeft UIInterfaceOrientationLandscapeRight";
				INFOPLIST_KEY_UISupportedInterfaceOrientations_iPhone = "UIInterfaceOrientationPortrait UIInterfaceOrientationLandscapeLeft UIInterfaceOrientationLandscapeRight";
				IPHONEOS_DEPLOYMENT_TARGET = 15.0;
				LD_RUNPATH_SEARCH_PATHS = (
					"$(inherited)",
					"@executable_path/Frameworks",
				);
				MARKETING_VERSION = 1.0;
				PRODUCT_BUNDLE_IDENTIFIER = salisburyapps.Mandala;
				PRODUCT_NAME = "$(TARGET_NAME)";
				SWIFT_EMIT_LOC_STRINGS = YES;
				SWIFT_VERSION = 5.0;
				TARGETED_DEVICE_FAMILY = "1,2";
			};
			name = Release;
		};
		2B3D9A722A0281F00068A311 /* Debug */ = {
			isa = XCBuildConfiguration;
			buildSettings = {
				ALWAYS_EMBED_SWIFT_STANDARD_LIBRARIES = YES;
				BUNDLE_LOADER = "$(TEST_HOST)";
				CODE_SIGN_STYLE = Automatic;
				CURRENT_PROJECT_VERSION = 1;
				DEVELOPMENT_TEAM = TUBY4CNJ3W;
				GENERATE_INFOPLIST_FILE = YES;
				IPHONEOS_DEPLOYMENT_TARGET = 16.4;
				MARKETING_VERSION = 1.0;
				PRODUCT_BUNDLE_IDENTIFIER = salisburyapps.MandalaTests;
				PRODUCT_NAME = "$(TARGET_NAME)";
				SWIFT_EMIT_LOC_STRINGS = NO;
				SWIFT_VERSION = 5.0;
				TARGETED_DEVICE_FAMILY = "1,2";
				TEST_HOST = "$(BUILT_PRODUCTS_DIR)/Mandala.app/$(BUNDLE_EXECUTABLE_FOLDER_PATH)/Mandala";
			};
			name = Debug;
		};
		2B3D9A732A0281F00068A311 /* Release */ = {
			isa = XCBuildConfiguration;
			buildSettings = {
				ALWAYS_EMBED_SWIFT_STANDARD_LIBRARIES = YES;
				BUNDLE_LOADER = "$(TEST_HOST)";
				CODE_SIGN_STYLE = Automatic;
				CURRENT_PROJECT_VERSION = 1;
				DEVELOPMENT_TEAM = TUBY4CNJ3W;
				GENERATE_INFOPLIST_FILE = YES;
				IPHONEOS_DEPLOYMENT_TARGET = 16.4;
				MARKETING_VERSION = 1.0;
				PRODUCT_BUNDLE_IDENTIFIER = salisburyapps.MandalaTests;
				PRODUCT_NAME = "$(TARGET_NAME)";
				SWIFT_EMIT_LOC_STRINGS = NO;
				SWIFT_VERSION = 5.0;
				TARGETED_DEVICE_FAMILY = "1,2";
				TEST_HOST = "$(BUILT_PRODUCTS_DIR)/Mandala.app/$(BUNDLE_EXECUTABLE_FOLDER_PATH)/Mandala";
			};
			name = Release;
		};
		2B3D9A752A0281F00068A311 /* Debug */ = {
			isa = XCBuildConfiguration;
			buildSettings = {
				ALWAYS_EMBED_SWIFT_STANDARD_LIBRARIES = YES;
				CODE_SIGN_STYLE = Automatic;
				CURRENT_PROJECT_VERSION = 1;
				DEVELOPMENT_TEAM = TUBY4CNJ3W;
				GENERATE_INFOPLIST_FILE = YES;
				MARKETING_VERSION = 1.0;
				PRODUCT_BUNDLE_IDENTIFIER = salisburyapps.MandalaUITests;
				PRODUCT_NAME = "$(TARGET_NAME)";
				SWIFT_EMIT_LOC_STRINGS = NO;
				SWIFT_VERSION = 5.0;
				TARGETED_DEVICE_FAMILY = "1,2";
				TEST_TARGET_NAME = Mandala;
			};
			name = Debug;
		};
		2B3D9A762A0281F00068A311 /* Release */ = {
			isa = XCBuildConfiguration;
			buildSettings = {
				ALWAYS_EMBED_SWIFT_STANDARD_LIBRARIES = YES;
				CODE_SIGN_STYLE = Automatic;
				CURRENT_PROJECT_VERSION = 1;
				DEVELOPMENT_TEAM = TUBY4CNJ3W;
				GENERATE_INFOPLIST_FILE = YES;
				MARKETING_VERSION = 1.0;
				PRODUCT_BUNDLE_IDENTIFIER = salisburyapps.MandalaUITests;
				PRODUCT_NAME = "$(TARGET_NAME)";
				SWIFT_EMIT_LOC_STRINGS = NO;
				SWIFT_VERSION = 5.0;
				TARGETED_DEVICE_FAMILY = "1,2";
				TEST_TARGET_NAME = Mandala;
			};
			name = Release;
		};
/* End XCBuildConfiguration section */

/* Begin XCConfigurationList section */
		2B3D9A3F2A0281EF0068A311 /* Build configuration list for PBXProject "Mandala" */ = {
			isa = XCConfigurationList;
			buildConfigurations = (
				2B3D9A6C2A0281F00068A311 /* Debug */,
				2B3D9A6D2A0281F00068A311 /* Release */,
			);
			defaultConfigurationIsVisible = 0;
			defaultConfigurationName = Release;
		};
		2B3D9A6E2A0281F00068A311 /* Build configuration list for PBXNativeTarget "Mandala" */ = {
			isa = XCConfigurationList;
			buildConfigurations = (
				2B3D9A6F2A0281F00068A311 /* Debug */,
				2B3D9A702A0281F00068A311 /* Release */,
			);
			defaultConfigurationIsVisible = 0;
			defaultConfigurationName = Release;
		};
		2B3D9A712A0281F00068A311 /* Build configuration list for PBXNativeTarget "MandalaTests" */ = {
			isa = XCConfigurationList;
			buildConfigurations = (
				2B3D9A722A0281F00068A311 /* Debug */,
				2B3D9A732A0281F00068A311 /* Release */,
			);
			defaultConfigurationIsVisible = 0;
			defaultConfigurationName = Release;
		};
		2B3D9A742A0281F00068A311 /* Build configuration list for PBXNativeTarget "MandalaUITests" */ = {
			isa = XCConfigurationList;
			buildConfigurations = (
				2B3D9A752A0281F00068A311 /* Debug */,
				2B3D9A762A0281F00068A311 /* Release */,
			);
			defaultConfigurationIsVisible = 0;
			defaultConfigurationName = Release;
		};
/* End XCConfigurationList section */
	};
	rootObject = 2B3D9A3C2A0281EF0068A311 /* Project object */;
}
