// !$*UTF8*$!
{
	archiveVersion = 1;
	classes = {
	};
	objectVersion = 56;
	objects = {

/* Begin PBXBuildFile section */
		2B0248F929F7DBA800E62EAE /* MapViewController.swift in Sources */ = {isa = PBXBuildFile; fileRef = 2B0248F829F7DBA800E62EAE /* MapViewController.swift */; };
		2B0248FB29F7DE7C00E62EAE /* QuizViewController.swift in Sources */ = {isa = PBXBuildFile; fileRef = 2B0248FA29F7DE7C00E62EAE /* QuizViewController.swift */; };
		2BB5464629FAB04600F07604 /* Localizable.strings in Resources */ = {isa = PBXBuildFile; fileRef = 2BB5464829FAB04600F07604 /* Localizable.strings */; };
		2BB5464C29FAB26E00F07604 /* Localizable.strings in Resources */ = {isa = PBXBuildFile; fileRef = 2BB5464E29FAB26E00F07604 /* Localizable.strings */; };
		2BDCD93629F6B4CA0076B5E6 /* AppDelegate.swift in Sources */ = {isa = PBXBuildFile; fileRef = 2BDCD93529F6B4CA0076B5E6 /* AppDelegate.swift */; };
		2BDCD93829F6B4CA0076B5E6 /* SceneDelegate.swift in Sources */ = {isa = PBXBuildFile; fileRef = 2BDCD93729F6B4CA0076B5E6 /* SceneDelegate.swift */; };
		2BDCD93A29F6B4CA0076B5E6 /* ConversionViewController.swift in Sources */ = {isa = PBXBuildFile; fileRef = 2BDCD93929F6B4CA0076B5E6 /* ConversionViewController.swift */; };
		2BDCD93D29F6B4CA0076B5E6 /* Main.storyboard in Resources */ = {isa = PBXBuildFile; fileRef = 2BDCD93B29F6B4CA0076B5E6 /* Main.storyboard */; };
		2BDCD93F29F6B4CB0076B5E6 /* Assets.xcassets in Resources */ = {isa = PBXBuildFile; fileRef = 2BDCD93E29F6B4CB0076B5E6 /* Assets.xcassets */; };
		2BDCD94229F6B4CB0076B5E6 /* LaunchScreen.storyboard in Resources */ = {isa = PBXBuildFile; fileRef = 2BDCD94029F6B4CB0076B5E6 /* LaunchScreen.storyboard */; };
/* End PBXBuildFile section */

/* Begin PBXFileReference section */
		2B0248F829F7DBA800E62EAE /* MapViewController.swift */ = {isa = PBXFileReference; lastKnownFileType = sourcecode.swift; path = MapViewController.swift; sourceTree = "<group>"; };
		2B0248FA29F7DE7C00E62EAE /* QuizViewController.swift */ = {isa = PBXFileReference; fileEncoding = 4; lastKnownFileType = sourcecode.swift; path = QuizViewController.swift; sourceTree = "<group>"; };
		2BB5464129FAAA1D00F07604 /* es */ = {isa = PBXFileReference; lastKnownFileType = text.plist.strings; name = es; path = es.lproj/Main.strings; sourceTree = "<group>"; };
		2BB5464729FAB04600F07604 /* es */ = {isa = PBXFileReference; lastKnownFileType = text.plist.strings; name = es; path = es.lproj/Localizable.strings; sourceTree = "<group>"; };
		2BB5464929FAB11F00F07604 /* fr */ = {isa = PBXFileReference; lastKnownFileType = text.plist.strings; name = fr; path = fr.lproj/Main.strings; sourceTree = "<group>"; };
		2BB5464D29FAB26E00F07604 /* fr */ = {isa = PBXFileReference; lastKnownFileType = text.plist.strings; name = fr; path = fr.lproj/Localizable.strings; sourceTree = "<group>"; };
		2BDCD93229F6B4CA0076B5E6 /* WordTrotter.app */ = {isa = PBXFileReference; explicitFileType = wrapper.application; includeInIndex = 0; path = WordTrotter.app; sourceTree = BUILT_PRODUCTS_DIR; };
		2BDCD93529F6B4CA0076B5E6 /* AppDelegate.swift */ = {isa = PBXFileReference; lastKnownFileType = sourcecode.swift; path = AppDelegate.swift; sourceTree = "<group>"; };
		2BDCD93729F6B4CA0076B5E6 /* SceneDelegate.swift */ = {isa = PBXFileReference; lastKnownFileType = sourcecode.swift; path = SceneDelegate.swift; sourceTree = "<group>"; };
		2BDCD93929F6B4CA0076B5E6 /* ConversionViewController.swift */ = {isa = PBXFileReference; lastKnownFileType = sourcecode.swift; path = ConversionViewController.swift; sourceTree = "<group>"; };
		2BDCD93C29F6B4CA0076B5E6 /* Base */ = {isa = PBXFileReference; lastKnownFileType = file.storyboard; name = Base; path = Base.lproj/Main.storyboard; sourceTree = "<group>"; };
		2BDCD93E29F6B4CB0076B5E6 /* Assets.xcassets */ = {isa = PBXFileReference; lastKnownFileType = folder.assetcatalog; path = Assets.xcassets; sourceTree = "<group>"; };
		2BDCD94129F6B4CB0076B5E6 /* Base */ = {isa = PBXFileReference; lastKnownFileType = file.storyboard; name = Base; path = Base.lproj/LaunchScreen.storyboard; sourceTree = "<group>"; };
		2BDCD94329F6B4CB0076B5E6 /* Info.plist */ = {isa = PBXFileReference; lastKnownFileType = text.plist.xml; path = Info.plist; sourceTree = "<group>"; };
/* End PBXFileReference section */

/* Begin PBXFrameworksBuildPhase section */
		2BDCD92F29F6B4CA0076B5E6 /* Frameworks */ = {
			isa = PBXFrameworksBuildPhase;
			buildActionMask = 2147483647;
			files = (
			);
			runOnlyForDeploymentPostprocessing = 0;
		};
/* End PBXFrameworksBuildPhase section */

/* Begin PBXGroup section */
		2BDCD92929F6B4CA0076B5E6 = {
			isa = PBXGroup;
			children = (
				2BDCD93429F6B4CA0076B5E6 /* WordTrotter */,
				2BDCD93329F6B4CA0076B5E6 /* Products */,
			);
			sourceTree = "<group>";
		};
		2BDCD93329F6B4CA0076B5E6 /* Products */ = {
			isa = PBXGroup;
			children = (
				2BDCD93229F6B4CA0076B5E6 /* WordTrotter.app */,
			);
			name = Products;
			sourceTree = "<group>";
		};
		2BDCD93429F6B4CA0076B5E6 /* WordTrotter */ = {
			isa = PBXGroup;
			children = (
				2BDCD93529F6B4CA0076B5E6 /* AppDelegate.swift */,
				2BDCD93729F6B4CA0076B5E6 /* SceneDelegate.swift */,
				2BDCD93929F6B4CA0076B5E6 /* ConversionViewController.swift */,
				2B0248F829F7DBA800E62EAE /* MapViewController.swift */,
				2BB5464829FAB04600F07604 /* Localizable.strings */,
				2BB5464E29FAB26E00F07604 /* Localizable.strings */,
				2BDCD93B29F6B4CA0076B5E6 /* Main.storyboard */,
				2BDCD93E29F6B4CB0076B5E6 /* Assets.xcassets */,
				2BDCD94029F6B4CB0076B5E6 /* LaunchScreen.storyboard */,
				2BDCD94329F6B4CB0076B5E6 /* Info.plist */,
				2B0248FA29F7DE7C00E62EAE /* QuizViewController.swift */,
			);
			path = WordTrotter;
			sourceTree = "<group>";
		};
/* End PBXGroup section */

/* Begin PBXNativeTarget section */
		2BDCD93129F6B4CA0076B5E6 /* WordTrotter */ = {
			isa = PBXNativeTarget;
			buildConfigurationList = 2BDCD94629F6B4CB0076B5E6 /* Build configuration list for PBXNativeTarget "WordTrotter" */;
			buildPhases = (
				2BDCD92E29F6B4CA0076B5E6 /* Sources */,
				2BDCD92F29F6B4CA0076B5E6 /* Frameworks */,
				2BDCD93029F6B4CA0076B5E6 /* Resources */,
			);
			buildRules = (
			);
			dependencies = (
			);
			name = WordTrotter;
			productName = WordTrotter;
			productReference = 2BDCD93229F6B4CA0076B5E6 /* WordTrotter.app */;
			productType = "com.apple.product-type.application";
		};
/* End PBXNativeTarget section */

/* Begin PBXProject section */
		2BDCD92A29F6B4CA0076B5E6 /* Project object */ = {
			isa = PBXProject;
			attributes = {
				BuildIndependentTargetsInParallel = 1;
				LastSwiftUpdateCheck = 1430;
				LastUpgradeCheck = 1430;
				TargetAttributes = {
					2BDCD93129F6B4CA0076B5E6 = {
						CreatedOnToolsVersion = 14.3;
					};
				};
			};
			buildConfigurationList = 2BDCD92D29F6B4CA0076B5E6 /* Build configuration list for PBXProject "WordTrotter" */;
			compatibilityVersion = "Xcode 14.0";
			developmentRegion = en;
			hasScannedForEncodings = 0;
			knownRegions = (
				en,
				Base,
				es,
				fr,
			);
			mainGroup = 2BDCD92929F6B4CA0076B5E6;
			productRefGroup = 2BDCD93329F6B4CA0076B5E6 /* Products */;
			projectDirPath = "";
			projectRoot = "";
			targets = (
				2BDCD93129F6B4CA0076B5E6 /* WordTrotter */,
			);
		};
/* End PBXProject section */

/* Begin PBXResourcesBuildPhase section */
		2BDCD93029F6B4CA0076B5E6 /* Resources */ = {
			isa = PBXResourcesBuildPhase;
			buildActionMask = 2147483647;
			files = (
				2BB5464C29FAB26E00F07604 /* Localizable.strings in Resources */,
				2BDCD94229F6B4CB0076B5E6 /* LaunchScreen.storyboard in Resources */,
				2BB5464629FAB04600F07604 /* Localizable.strings in Resources */,
				2BDCD93F29F6B4CB0076B5E6 /* Assets.xcassets in Resources */,
				2BDCD93D29F6B4CA0076B5E6 /* Main.storyboard in Resources */,
			);
			runOnlyForDeploymentPostprocessing = 0;
		};
/* End PBXResourcesBuildPhase section */

/* Begin PBXSourcesBuildPhase section */
		2BDCD92E29F6B4CA0076B5E6 /* Sources */ = {
			isa = PBXSourcesBuildPhase;
			buildActionMask = 2147483647;
			files = (
				2B0248FB29F7DE7C00E62EAE /* QuizViewController.swift in Sources */,
				2BDCD93A29F6B4CA0076B5E6 /* ConversionViewController.swift in Sources */,
				2BDCD93629F6B4CA0076B5E6 /* AppDelegate.swift in Sources */,
				2BDCD93829F6B4CA0076B5E6 /* SceneDelegate.swift in Sources */,
				2B0248F929F7DBA800E62EAE /* MapViewController.swift in Sources */,
			);
			runOnlyForDeploymentPostprocessing = 0;
		};
/* End PBXSourcesBuildPhase section */

/* Begin PBXVariantGroup section */
		2BB5464829FAB04600F07604 /* Localizable.strings */ = {
			isa = PBXVariantGroup;
			children = (
				2BB5464729FAB04600F07604 /* es */,
			);
			name = Localizable.strings;
			sourceTree = "<group>";
		};
		2BB5464E29FAB26E00F07604 /* Localizable.strings */ = {
			isa = PBXVariantGroup;
			children = (
				2BB5464D29FAB26E00F07604 /* fr */,
			);
			name = Localizable.strings;
			sourceTree = "<group>";
		};
		2BDCD93B29F6B4CA0076B5E6 /* Main.storyboard */ = {
			isa = PBXVariantGroup;
			children = (
				2BDCD93C29F6B4CA0076B5E6 /* Base */,
				2BB5464129FAAA1D00F07604 /* es */,
				2BB5464929FAB11F00F07604 /* fr */,
			);
			name = Main.storyboard;
			sourceTree = "<group>";
		};
		2BDCD94029F6B4CB0076B5E6 /* LaunchScreen.storyboard */ = {
			isa = PBXVariantGroup;
			children = (
				2BDCD94129F6B4CB0076B5E6 /* Base */,
			);
			name = LaunchScreen.storyboard;
			sourceTree = "<group>";
		};
/* End PBXVariantGroup section */

/* Begin XCBuildConfiguration section */
		2BDCD94429F6B4CB0076B5E6 /* Debug */ = {
			isa = XCBuildConfiguration;
			buildSettings = {
				ALWAYS_SEARCH_USER_PATHS = NO;
				CLANG_ANALYZER_LOCALIZABILITY_NONLOCALIZED = YES;
				CLANG_ANALYZER_NONNULL = YES;
				CLANG_ANALYZER_NUMBER_OBJECT_CONVERSION = YES_AGGRESSIVE;
				CLANG_CXX_LANGUAGE_STANDARD = "gnu++20";
				CLANG_ENABLE_MODULES = YES;
				CLANG_ENABLE_OBJC_ARC = YES;
				CLANG_ENABLE_OBJC_WEAK = YES;
				CLANG_WARN_BLOCK_CAPTURE_AUTORELEASING = YES;
				CLANG_WARN_BOOL_CONVERSION = YES;
				CLANG_WARN_COMMA = YES;
				CLANG_WARN_CONSTANT_CONVERSION = YES;
				CLANG_WARN_DEPRECATED_OBJC_IMPLEMENTATIONS = YES;
				CLANG_WARN_DIRECT_OBJC_ISA_USAGE = YES_ERROR;
				CLANG_WARN_DOCUMENTATION_COMMENTS = YES;
				CLANG_WARN_EMPTY_BODY = YES;
				CLANG_WARN_ENUM_CONVERSION = YES;
				CLANG_WARN_INFINITE_RECURSION = YES;
				CLANG_WARN_INT_CONVERSION = YES;
				CLANG_WARN_NON_LITERAL_NULL_CONVERSION = YES;
				CLANG_WARN_OBJC_IMPLICIT_RETAIN_SELF = YES;
				CLANG_WARN_OBJC_LITERAL_CONVERSION = YES;
				CLANG_WARN_OBJC_ROOT_CLASS = YES_ERROR;
				CLANG_WARN_QUOTED_INCLUDE_IN_FRAMEWORK_HEADER = YES;
				CLANG_WARN_RANGE_LOOP_ANALYSIS = YES;
				CLANG_WARN_STRICT_PROTOTYPES = YES;
				CLANG_WARN_SUSPICIOUS_MOVE = YES;
				CLANG_WARN_UNGUARDED_AVAILABILITY = YES_AGGRESSIVE;
				CLANG_WARN_UNREACHABLE_CODE = YES;
				CLANG_WARN__DUPLICATE_METHOD_MATCH = YES;
				COPY_PHASE_STRIP = NO;
				DEBUG_INFORMATION_FORMAT = dwarf;
				ENABLE_STRICT_OBJC_MSGSEND = YES;
				ENABLE_TESTABILITY = YES;
				GCC_C_LANGUAGE_STANDARD = gnu11;
				GCC_DYNAMIC_NO_PIC = NO;
				GCC_NO_COMMON_BLOCKS = YES;
				GCC_OPTIMIZATION_LEVEL = 0;
				GCC_PREPROCESSOR_DEFINITIONS = (
					"DEBUG=1",
					"$(inherited)",
				);
				GCC_WARN_64_TO_32_BIT_CONVERSION = YES;
				GCC_WARN_ABOUT_RETURN_TYPE = YES_ERROR;
				GCC_WARN_UNDECLARED_SELECTOR = YES;
				GCC_WARN_UNINITIALIZED_AUTOS = YES_AGGRESSIVE;
				GCC_WARN_UNUSED_FUNCTION = YES;
				GCC_WARN_UNUSED_VARIABLE = YES;
				IPHONEOS_DEPLOYMENT_TARGET = 16.4;
				MTL_ENABLE_DEBUG_INFO = INCLUDE_SOURCE;
				MTL_FAST_MATH = YES;
				ONLY_ACTIVE_ARCH = YES;
				SDKROOT = iphoneos;
				SWIFT_ACTIVE_COMPILATION_CONDITIONS = DEBUG;
				SWIFT_OPTIMIZATION_LEVEL = "-Onone";
			};
			name = Debug;
		};
		2BDCD94529F6B4CB0076B5E6 /* Release */ = {
			isa = XCBuildConfiguration;
			buildSettings = {
				ALWAYS_SEARCH_USER_PATHS = NO;
				CLANG_ANALYZER_LOCALIZABILITY_NONLOCALIZED = YES;
				CLANG_ANALYZER_NONNULL = YES;
				CLANG_ANALYZER_NUMBER_OBJECT_CONVERSION = YES_AGGRESSIVE;
				CLANG_CXX_LANGUAGE_STANDARD = "gnu++20";
				CLANG_ENABLE_MODULES = YES;
				CLANG_ENABLE_OBJC_ARC = YES;
				CLANG_ENABLE_OBJC_WEAK = YES;
				CLANG_WARN_BLOCK_CAPTURE_AUTORELEASING = YES;
				CLANG_WARN_BOOL_CONVERSION = YES;
				CLANG_WARN_COMMA = YES;
				CLANG_WARN_CONSTANT_CONVERSION = YES;
				CLANG_WARN_DEPRECATED_OBJC_IMPLEMENTATIONS = YES;
				CLANG_WARN_DIRECT_OBJC_ISA_USAGE = YES_ERROR;
				CLANG_WARN_DOCUMENTATION_COMMENTS = YES;
				CLANG_WARN_EMPTY_BODY = YES;
				CLANG_WARN_ENUM_CONVERSION = YES;
				CLANG_WARN_INFINITE_RECURSION = YES;
				CLANG_WARN_INT_CONVERSION = YES;
				CLANG_WARN_NON_LITERAL_NULL_CONVERSION = YES;
				CLANG_WARN_OBJC_IMPLICIT_RETAIN_SELF = YES;
				CLANG_WARN_OBJC_LITERAL_CONVERSION = YES;
				CLANG_WARN_OBJC_ROOT_CLASS = YES_ERROR;
				CLANG_WARN_QUOTED_INCLUDE_IN_FRAMEWORK_HEADER = YES;
				CLANG_WARN_RANGE_LOOP_ANALYSIS = YES;
				CLANG_WARN_STRICT_PROTOTYPES = YES;
				CLANG_WARN_SUSPICIOUS_MOVE = YES;
				CLANG_WARN_UNGUARDED_AVAILABILITY = YES_AGGRESSIVE;
				CLANG_WARN_UNREACHABLE_CODE = YES;
				CLANG_WARN__DUPLICATE_METHOD_MATCH = YES;
				COPY_PHASE_STRIP = NO;
				DEBUG_INFORMATION_FORMAT = "dwarf-with-dsym";
				ENABLE_NS_ASSERTIONS = NO;
				ENABLE_STRICT_OBJC_MSGSEND = YES;
				GCC_C_LANGUAGE_STANDARD = gnu11;
				GCC_NO_COMMON_BLOCKS = YES;
				GCC_WARN_64_TO_32_BIT_CONVERSION = YES;
				GCC_WARN_ABOUT_RETURN_TYPE = YES_ERROR;
				GCC_WARN_UNDECLARED_SELECTOR = YES;
				GCC_WARN_UNINITIALIZED_AUTOS = YES_AGGRESSIVE;
				GCC_WARN_UNUSED_FUNCTION = YES;
				GCC_WARN_UNUSED_VARIABLE = YES;
				IPHONEOS_DEPLOYMENT_TARGET = 16.4;
				MTL_ENABLE_DEBUG_INFO = NO;
				MTL_FAST_MATH = YES;
				SDKROOT = iphoneos;
				SWIFT_COMPILATION_MODE = wholemodule;
				SWIFT_OPTIMIZATION_LEVEL = "-O";
				VALIDATE_PRODUCT = YES;
			};
			name = Release;
		};
		2BDCD94729F6B4CB0076B5E6 /* Debug */ = {
			isa = XCBuildConfiguration;
			buildSettings = {
				ASSETCATALOG_COMPILER_APPICON_NAME = AppIcon;
				ASSETCATALOG_COMPILER_GLOBAL_ACCENT_COLOR_NAME = AccentColor;
				CODE_SIGN_STYLE = Automatic;
				CURRENT_PROJECT_VERSION = 1;
				DEVELOPMENT_TEAM = TUBY4CNJ3W;
				GENERATE_INFOPLIST_FILE = YES;
				INFOPLIST_FILE = WordTrotter/Info.plist;
				INFOPLIST_KEY_LSApplicationCategoryType = "";
				INFOPLIST_KEY_NSLocationWhenInUseUsageDescription = "";
				INFOPLIST_KEY_UIApplicationSupportsIndirectInputEvents = YES;
				INFOPLIST_KEY_UILaunchStoryboardName = LaunchScreen;
				INFOPLIST_KEY_UIMainStoryboardFile = Main;
				INFOPLIST_KEY_UISupportedInterfaceOrientations_iPad = "UIInterfaceOrientationPortrait UIInterfaceOrientationPortraitUpsideDown UIInterfaceOrientationLandscapeLeft UIInterfaceOrientationLandscapeRight";
				INFOPLIST_KEY_UISupportedInterfaceOrientations_iPhone = "UIInterfaceOrientationPortrait UIInterfaceOrientationLandscapeLeft UIInterfaceOrientationLandscapeRight";
				IPHONEOS_DEPLOYMENT_TARGET = 15.0;
				LD_RUNPATH_SEARCH_PATHS = (
					"$(inherited)",
					"@executable_path/Frameworks",
				);
				MARKETING_VERSION = 1.0;
				PRODUCT_BUNDLE_IDENTIFIER = salisburyapps.WordTrotter;
				PRODUCT_NAME = "$(TARGET_NAME)";
				SWIFT_EMIT_LOC_STRINGS = YES;
				SWIFT_VERSION = 5.0;
				TARGETED_DEVICE_FAMILY = "1,2";
			};
			name = Debug;
		};
		2BDCD94829F6B4CB0076B5E6 /* Release */ = {
			isa = XCBuildConfiguration;
			buildSettings = {
				ASSETCATALOG_COMPILER_APPICON_NAME = AppIcon;
				ASSETCATALOG_COMPILER_GLOBAL_ACCENT_COLOR_NAME = AccentColor;
				CODE_SIGN_STYLE = Automatic;
				CURRENT_PROJECT_VERSION = 1;
				DEVELOPMENT_TEAM = TUBY4CNJ3W;
				GENERATE_INFOPLIST_FILE = YES;
				INFOPLIST_FILE = WordTrotter/Info.plist;
				INFOPLIST_KEY_LSApplicationCategoryType = "";
				INFOPLIST_KEY_NSLocationWhenInUseUsageDescription = "";
				INFOPLIST_KEY_UIApplicationSupportsIndirectInputEvents = YES;
				INFOPLIST_KEY_UILaunchStoryboardName = LaunchScreen;
				INFOPLIST_KEY_UIMainStoryboardFile = Main;
				INFOPLIST_KEY_UISupportedInterfaceOrientations_iPad = "UIInterfaceOrientationPortrait UIInterfaceOrientationPortraitUpsideDown UIInterfaceOrientationLandscapeLeft UIInterfaceOrientationLandscapeRight";
				INFOPLIST_KEY_UISupportedInterfaceOrientations_iPhone = "UIInterfaceOrientationPortrait UIInterfaceOrientationLandscapeLeft UIInterfaceOrientationLandscapeRight";
				IPHONEOS_DEPLOYMENT_TARGET = 15.0;
				LD_RUNPATH_SEARCH_PATHS = (
					"$(inherited)",
					"@executable_path/Frameworks",
				);
				MARKETING_VERSION = 1.0;
				PRODUCT_BUNDLE_IDENTIFIER = salisburyapps.WordTrotter;
				PRODUCT_NAME = "$(TARGET_NAME)";
				SWIFT_EMIT_LOC_STRINGS = YES;
				SWIFT_VERSION = 5.0;
				TARGETED_DEVICE_FAMILY = "1,2";
			};
			name = Release;
		};
/* End XCBuildConfiguration section */

/* Begin XCConfigurationList section */
		2BDCD92D29F6B4CA0076B5E6 /* Build configuration list for PBXProject "WordTrotter" */ = {
			isa = XCConfigurationList;
			buildConfigurations = (
				2BDCD94429F6B4CB0076B5E6 /* Debug */,
				2BDCD94529F6B4CB0076B5E6 /* Release */,
			);
			defaultConfigurationIsVisible = 0;
			defaultConfigurationName = Release;
		};
		2BDCD94629F6B4CB0076B5E6 /* Build configuration list for PBXNativeTarget "WordTrotter" */ = {
			isa = XCConfigurationList;
			buildConfigurations = (
				2BDCD94729F6B4CB0076B5E6 /* Debug */,
				2BDCD94829F6B4CB0076B5E6 /* Release */,
			);
			defaultConfigurationIsVisible = 0;
			defaultConfigurationName = Release;
		};
/* End XCConfigurationList section */
	};
	rootObject = 2BDCD92A29F6B4CA0076B5E6 /* Project object */;
}
